
Microsoft Visual Studio Solution File, Format Version 12.00
# Visual Studio Version 17
VisualStudioVersion = 17.9.34616.47
MinimumVisualStudioVersion = 10.0.40219.1
Project("{FAE04EC0-301F-11D3-BF4B-00C04F79EFBC}") = "master mind", "master mind\master mind.csproj", "{C0CABEB8-245D-489D-A0D5-CDC879582DBA}"
EndProject
Global
	GlobalSection(SolutionConfigurationPlatforms) = preSolution
		Debug|Any CPU = Debug|Any CPU
		Release|Any CPU = Release|Any CPU
	EndGlobalSection
	GlobalSection(ProjectConfigurationPlatforms) = postSolution
		{C0CABEB8-245D-489D-A0D5-CDC879582DBA}.Debug|Any CPU.ActiveCfg = Debug|Any CPU
		{C0CABEB8-245D-489D-A0D5-CDC879582DBA}.Debug|Any CPU.Build.0 = Debug|Any CPU
		{C0CABEB8-245D-489D-A0D5-CDC879582DBA}.Release|Any CPU.ActiveCfg = Release|Any CPU
		{C0CABEB8-245D-489D-A0D5-CDC879582DBA}.Release|Any CPU.Build.0 = Release|Any CPU
	EndGlobalSection
	GlobalSection(SolutionProperties) = preSolution
		HideSolutionNode = FALSE
	EndGlobalSection
	GlobalSection(ExtensibilityGlobals) = postSolution
		SolutionGuid = {BCA8E4FC-601E-4D3F-898E-C5184C703006}
	EndGlobalSection
EndGlobal
